
Microsoft Visual Studio Solution File, Format Version 12.00
# Visual Studio Version 17
VisualStudioVersion = 17.10.35027.167
MinimumVisualStudioVersion = 10.0.40219.1
Project("{9A19103F-16F7-4668-BE54-9A1E7A4F7556}") = "RabbitMQ.Publisher", "RabbitMQ.Publisher\RabbitMQ.Publisher.csproj", "{70FEE613-F11B-4CE5-9BB7-AEDC3AEA6827}"
EndProject
Project("{9A19103F-16F7-4668-BE54-9A1E7A4F7556}") = "RabbitMQ.Consumer", "RabbitMQ.Consumer\RabbitMQ.Consumer.csproj", "{7C0DBD5B-604A-40D5-AB40-8C8994A4014E}"
EndProject
Project("{9A19103F-16F7-4668-BE54-9A1E7A4F7556}") = "RabbitMQ.DirectExchange.Publisher", "RabbitMQ.DirectExchange.Publisher\RabbitMQ.DirectExchange.Publisher.csproj", "{97EE5F75-D733-4149-9979-3388AC5C1D98}"
EndProject
Project("{9A19103F-16F7-4668-BE54-9A1E7A4F7556}") = "RabbitMQ.DirectExchange.Consumer", "RabbitMQ.DirectExchange.Consumer\RabbitMQ.DirectExchange.Consumer.csproj", "{66BEDA83-E340-4333-B070-9DD13E573196}"
EndProject
Project("{9A19103F-16F7-4668-BE54-9A1E7A4F7556}") = "RabbitMQ.FanoutExchange.Consumer", "RabbitMQ.FanoutExchange.Consumer\RabbitMQ.FanoutExchange.Consumer.csproj", "{937437CE-951B-400C-A4D9-5797BAE5BDD5}"
EndProject
Project("{9A19103F-16F7-4668-BE54-9A1E7A4F7556}") = "RabbitMQ.FanoutExchange.Publisher", "RabbitMQ.FanoutExchange.Publisher\RabbitMQ.FanoutExchange.Publisher.csproj", "{94250409-5AFA-4233-8C2A-C4F1C29A31D6}"
EndProject
Project("{9A19103F-16F7-4668-BE54-9A1E7A4F7556}") = "RabbitMQ.TopicExchange.Consumer", "RabbitMQ.TopicExchange.Consumer\RabbitMQ.TopicExchange.Consumer.csproj", "{A6F2DB88-F253-4C79-BD33-BB2CE1701695}"
EndProject
Project("{9A19103F-16F7-4668-BE54-9A1E7A4F7556}") = "RabbitMQ.TopicExchange.Publisher", "RabbitMQ.TopicExchange.Publisher\RabbitMQ.TopicExchange.Publisher.csproj", "{D98C3477-70F7-4564-AEA2-C6B9AE6F4E8D}"
EndProject
Project("{9A19103F-16F7-4668-BE54-9A1E7A4F7556}") = "RabbitMQ.HeaderExchange.Consumer", "RabbitMQ.HeaderExchange.Consumer\RabbitMQ.HeaderExchange.Consumer.csproj", "{C5B09926-5293-4C53-BECD-F22AEB188E45}"
EndProject
Project("{9A19103F-16F7-4668-BE54-9A1E7A4F7556}") = "RabbitMQ.HeaderExchange.Publisher", "RabbitMQ.HeaderExchange.Publisher\RabbitMQ.HeaderExchange.Publisher.csproj", "{09CAD649-DD0F-4800-B6D9-FAE000700FC5}"
EndProject
Project("{9A19103F-16F7-4668-BE54-9A1E7A4F7556}") = "RabbitMQ.MessageTemplates.Consumer", "RabbitMQ.MessageTemplates.Consumer\RabbitMQ.MessageTemplates.Consumer.csproj", "{807570D6-48C0-4D90-8C4E-AB5AF90E99B1}"
EndProject
Project("{9A19103F-16F7-4668-BE54-9A1E7A4F7556}") = "RabbitMQ.MessageTemplates.Publisher", "RabbitMQ.MessageTemplates.Publisher\RabbitMQ.MessageTemplates.Publisher.csproj", "{CF6E8C5D-8A47-48DF-8DA5-35E821ADFE9C}"
EndProject
Project("{9A19103F-16F7-4668-BE54-9A1E7A4F7556}") = "RabbitMQ.ESB.MassTransit.Publisher", "RabbitMQ.ESB.MassTransit.Publisher\RabbitMQ.ESB.MassTransit.Publisher.csproj", "{5BF3F609-8A27-4B77-9C9E-2FF2C11703E2}"
EndProject
Project("{9A19103F-16F7-4668-BE54-9A1E7A4F7556}") = "RabbitMQ.ESB.MassTransit.Consumer", "RabbitMQ.ESB.MassTransit.Consumer\RabbitMQ.ESB.MassTransit.Consumer.csproj", "{FFE1F143-BEEA-4D80-972A-B9F184B624DC}"
EndProject
Project("{9A19103F-16F7-4668-BE54-9A1E7A4F7556}") = "RabbitMQ.ESB.MassTransit.Shared", "RabbitMQ.ESB.MassTransit.Shared\RabbitMQ.ESB.MassTransit.Shared.csproj", "{ADCD47BE-49AC-469E-A183-AD01F04E437F}"
EndProject
Project("{9A19103F-16F7-4668-BE54-9A1E7A4F7556}") = "RabbitMQ.ESB.MassTransit.WorkerService.Publisher", "RabbitMQ.ESB.MassTransit.WorkerService.Publisher\RabbitMQ.ESB.MassTransit.WorkerService.Publisher.csproj", "{4E8EAD82-0BCC-4648-8159-8F9588D7C6F8}"
EndProject
Project("{9A19103F-16F7-4668-BE54-9A1E7A4F7556}") = "RabbitMQ.ESB.MassTransit.WorkerService.Consumer", "RabbitMQ.ESB.MassTransit.WorkerService.Consumer\RabbitMQ.ESB.MassTransit.WorkerService.Consumer.csproj", "{1D69E28D-F1D9-4C17-A789-EC9B81BA0EF9}"
EndProject
Project("{FAE04EC0-301F-11D3-BF4B-00C04F79EFBC}") = "RabbitMQ.ESB.MassTransit.RequestResponsePattern.Consumer", "RabbitMQ.ESB.MassTransit.RequestResponsePattern.Consumer\RabbitMQ.ESB.MassTransit.RequestResponsePattern.Consumer.csproj", "{A346281C-CDEF-49C7-A377-90361176CA36}"
	ProjectSection(ProjectDependencies) = postProject
		{ADCD47BE-49AC-469E-A183-AD01F04E437F} = {ADCD47BE-49AC-469E-A183-AD01F04E437F}
	EndProjectSection
EndProject
Project("{FAE04EC0-301F-11D3-BF4B-00C04F79EFBC}") = "RabbitMQ.ESB.MassTransit.RequestResponsePattern.Publisher", "RabbitMQ.ESB.MassTransit.RequestResponsePattern.Publisher\RabbitMQ.ESB.MassTransit.RequestResponsePattern.Publisher.csproj", "{B6D8A34A-3033-437E-BA84-1103CD441923}"
	ProjectSection(ProjectDependencies) = postProject
		{ADCD47BE-49AC-469E-A183-AD01F04E437F} = {ADCD47BE-49AC-469E-A183-AD01F04E437F}
	EndProjectSection
EndProject
Global
	GlobalSection(SolutionConfigurationPlatforms) = preSolution
		Debug|Any CPU = Debug|Any CPU
		Release|Any CPU = Release|Any CPU
	EndGlobalSection
	GlobalSection(ProjectConfigurationPlatforms) = postSolution
		{70FEE613-F11B-4CE5-9BB7-AEDC3AEA6827}.Debug|Any CPU.ActiveCfg = Debug|Any CPU
		{70FEE613-F11B-4CE5-9BB7-AEDC3AEA6827}.Debug|Any CPU.Build.0 = Debug|Any CPU
		{70FEE613-F11B-4CE5-9BB7-AEDC3AEA6827}.Release|Any CPU.ActiveCfg = Release|Any CPU
		{70FEE613-F11B-4CE5-9BB7-AEDC3AEA6827}.Release|Any CPU.Build.0 = Release|Any CPU
		{7C0DBD5B-604A-40D5-AB40-8C8994A4014E}.Debug|Any CPU.ActiveCfg = Debug|Any CPU
		{7C0DBD5B-604A-40D5-AB40-8C8994A4014E}.Debug|Any CPU.Build.0 = Debug|Any CPU
		{7C0DBD5B-604A-40D5-AB40-8C8994A4014E}.Release|Any CPU.ActiveCfg = Release|Any CPU
		{7C0DBD5B-604A-40D5-AB40-8C8994A4014E}.Release|Any CPU.Build.0 = Release|Any CPU
		{97EE5F75-D733-4149-9979-3388AC5C1D98}.Debug|Any CPU.ActiveCfg = Debug|Any CPU
		{97EE5F75-D733-4149-9979-3388AC5C1D98}.Debug|Any CPU.Build.0 = Debug|Any CPU
		{97EE5F75-D733-4149-9979-3388AC5C1D98}.Release|Any CPU.ActiveCfg = Release|Any CPU
		{97EE5F75-D733-4149-9979-3388AC5C1D98}.Release|Any CPU.Build.0 = Release|Any CPU
		{66BEDA83-E340-4333-B070-9DD13E573196}.Debug|Any CPU.ActiveCfg = Debug|Any CPU
		{66BEDA83-E340-4333-B070-9DD13E573196}.Debug|Any CPU.Build.0 = Debug|Any CPU
		{66BEDA83-E340-4333-B070-9DD13E573196}.Release|Any CPU.ActiveCfg = Release|Any CPU
		{66BEDA83-E340-4333-B070-9DD13E573196}.Release|Any CPU.Build.0 = Release|Any CPU
		{937437CE-951B-400C-A4D9-5797BAE5BDD5}.Debug|Any CPU.ActiveCfg = Debug|Any CPU
		{937437CE-951B-400C-A4D9-5797BAE5BDD5}.Debug|Any CPU.Build.0 = Debug|Any CPU
		{937437CE-951B-400C-A4D9-5797BAE5BDD5}.Release|Any CPU.ActiveCfg = Release|Any CPU
		{937437CE-951B-400C-A4D9-5797BAE5BDD5}.Release|Any CPU.Build.0 = Release|Any CPU
		{94250409-5AFA-4233-8C2A-C4F1C29A31D6}.Debug|Any CPU.ActiveCfg = Debug|Any CPU
		{94250409-5AFA-4233-8C2A-C4F1C29A31D6}.Debug|Any CPU.Build.0 = Debug|Any CPU
		{94250409-5AFA-4233-8C2A-C4F1C29A31D6}.Release|Any CPU.ActiveCfg = Release|Any CPU
		{94250409-5AFA-4233-8C2A-C4F1C29A31D6}.Release|Any CPU.Build.0 = Release|Any CPU
		{A6F2DB88-F253-4C79-BD33-BB2CE1701695}.Debug|Any CPU.ActiveCfg = Debug|Any CPU
		{A6F2DB88-F253-4C79-BD33-BB2CE1701695}.Debug|Any CPU.Build.0 = Debug|Any CPU
		{A6F2DB88-F253-4C79-BD33-BB2CE1701695}.Release|Any CPU.ActiveCfg = Release|Any CPU
		{A6F2DB88-F253-4C79-BD33-BB2CE1701695}.Release|Any CPU.Build.0 = Release|Any CPU
		{D98C3477-70F7-4564-AEA2-C6B9AE6F4E8D}.Debug|Any CPU.ActiveCfg = Debug|Any CPU
		{D98C3477-70F7-4564-AEA2-C6B9AE6F4E8D}.Debug|Any CPU.Build.0 = Debug|Any CPU
		{D98C3477-70F7-4564-AEA2-C6B9AE6F4E8D}.Release|Any CPU.ActiveCfg = Release|Any CPU
		{D98C3477-70F7-4564-AEA2-C6B9AE6F4E8D}.Release|Any CPU.Build.0 = Release|Any CPU
		{C5B09926-5293-4C53-BECD-F22AEB188E45}.Debug|Any CPU.ActiveCfg = Debug|Any CPU
		{C5B09926-5293-4C53-BECD-F22AEB188E45}.Debug|Any CPU.Build.0 = Debug|Any CPU
		{C5B09926-5293-4C53-BECD-F22AEB188E45}.Release|Any CPU.ActiveCfg = Release|Any CPU
		{C5B09926-5293-4C53-BECD-F22AEB188E45}.Release|Any CPU.Build.0 = Release|Any CPU
		{09CAD649-DD0F-4800-B6D9-FAE000700FC5}.Debug|Any CPU.ActiveCfg = Debug|Any CPU
		{09CAD649-DD0F-4800-B6D9-FAE000700FC5}.Debug|Any CPU.Build.0 = Debug|Any CPU
		{09CAD649-DD0F-4800-B6D9-FAE000700FC5}.Release|Any CPU.ActiveCfg = Release|Any CPU
		{09CAD649-DD0F-4800-B6D9-FAE000700FC5}.Release|Any CPU.Build.0 = Release|Any CPU
		{807570D6-48C0-4D90-8C4E-AB5AF90E99B1}.Debug|Any CPU.ActiveCfg = Debug|Any CPU
		{807570D6-48C0-4D90-8C4E-AB5AF90E99B1}.Debug|Any CPU.Build.0 = Debug|Any CPU
		{807570D6-48C0-4D90-8C4E-AB5AF90E99B1}.Release|Any CPU.ActiveCfg = Release|Any CPU
		{807570D6-48C0-4D90-8C4E-AB5AF90E99B1}.Release|Any CPU.Build.0 = Release|Any CPU
		{CF6E8C5D-8A47-48DF-8DA5-35E821ADFE9C}.Debug|Any CPU.ActiveCfg = Debug|Any CPU
		{CF6E8C5D-8A47-48DF-8DA5-35E821ADFE9C}.Debug|Any CPU.Build.0 = Debug|Any CPU
		{CF6E8C5D-8A47-48DF-8DA5-35E821ADFE9C}.Release|Any CPU.ActiveCfg = Release|Any CPU
		{CF6E8C5D-8A47-48DF-8DA5-35E821ADFE9C}.Release|Any CPU.Build.0 = Release|Any CPU
		{5BF3F609-8A27-4B77-9C9E-2FF2C11703E2}.Debug|Any CPU.ActiveCfg = Debug|Any CPU
		{5BF3F609-8A27-4B77-9C9E-2FF2C11703E2}.Debug|Any CPU.Build.0 = Debug|Any CPU
		{5BF3F609-8A27-4B77-9C9E-2FF2C11703E2}.Release|Any CPU.ActiveCfg = Release|Any CPU
		{5BF3F609-8A27-4B77-9C9E-2FF2C11703E2}.Release|Any CPU.Build.0 = Release|Any CPU
		{FFE1F143-BEEA-4D80-972A-B9F184B624DC}.Debug|Any CPU.ActiveCfg = Debug|Any CPU
		{FFE1F143-BEEA-4D80-972A-B9F184B624DC}.Debug|Any CPU.Build.0 = Debug|Any CPU
		{FFE1F143-BEEA-4D80-972A-B9F184B624DC}.Release|Any CPU.ActiveCfg = Release|Any CPU
		{FFE1F143-BEEA-4D80-972A-B9F184B624DC}.Release|Any CPU.Build.0 = Release|Any CPU
		{ADCD47BE-49AC-469E-A183-AD01F04E437F}.Debug|Any CPU.ActiveCfg = Debug|Any CPU
		{ADCD47BE-49AC-469E-A183-AD01F04E437F}.Debug|Any CPU.Build.0 = Debug|Any CPU
		{ADCD47BE-49AC-469E-A183-AD01F04E437F}.Release|Any CPU.ActiveCfg = Release|Any CPU
		{ADCD47BE-49AC-469E-A183-AD01F04E437F}.Release|Any CPU.Build.0 = Release|Any CPU
		{4E8EAD82-0BCC-4648-8159-8F9588D7C6F8}.Debug|Any CPU.ActiveCfg = Debug|Any CPU
		{4E8EAD82-0BCC-4648-8159-8F9588D7C6F8}.Debug|Any CPU.Build.0 = Debug|Any CPU
		{4E8EAD82-0BCC-4648-8159-8F9588D7C6F8}.Release|Any CPU.ActiveCfg = Release|Any CPU
		{4E8EAD82-0BCC-4648-8159-8F9588D7C6F8}.Release|Any CPU.Build.0 = Release|Any CPU
		{1D69E28D-F1D9-4C17-A789-EC9B81BA0EF9}.Debug|Any CPU.ActiveCfg = Debug|Any CPU
		{1D69E28D-F1D9-4C17-A789-EC9B81BA0EF9}.Debug|Any CPU.Build.0 = Debug|Any CPU
		{1D69E28D-F1D9-4C17-A789-EC9B81BA0EF9}.Release|Any CPU.ActiveCfg = Release|Any CPU
		{1D69E28D-F1D9-4C17-A789-EC9B81BA0EF9}.Release|Any CPU.Build.0 = Release|Any CPU
		{A346281C-CDEF-49C7-A377-90361176CA36}.Debug|Any CPU.ActiveCfg = Debug|Any CPU
		{A346281C-CDEF-49C7-A377-90361176CA36}.Debug|Any CPU.Build.0 = Debug|Any CPU
		{A346281C-CDEF-49C7-A377-90361176CA36}.Release|Any CPU.ActiveCfg = Release|Any CPU
		{A346281C-CDEF-49C7-A377-90361176CA36}.Release|Any CPU.Build.0 = Release|Any CPU
		{B6D8A34A-3033-437E-BA84-1103CD441923}.Debug|Any CPU.ActiveCfg = Debug|Any CPU
		{B6D8A34A-3033-437E-BA84-1103CD441923}.Debug|Any CPU.Build.0 = Debug|Any CPU
		{B6D8A34A-3033-437E-BA84-1103CD441923}.Release|Any CPU.ActiveCfg = Release|Any CPU
		{B6D8A34A-3033-437E-BA84-1103CD441923}.Release|Any CPU.Build.0 = Release|Any CPU
	EndGlobalSection
	GlobalSection(SolutionProperties) = preSolution
		HideSolutionNode = FALSE
	EndGlobalSection
	GlobalSection(ExtensibilityGlobals) = postSolution
		SolutionGuid = {DC438E43-E9CD-415E-B120-9B444F48BF10}
	EndGlobalSection
EndGlobal
